
Microsoft Visual Studio Solution File, Format Version 12.00
# Visual Studio 15
VisualStudioVersion = 15.0.27703.2035
MinimumVisualStudioVersion = 10.0.40219.1
Project("{FAE04EC0-301F-11D3-BF4B-00C04F79EFBC}") = "TestAppCenter.Android", "TestAppCenter\TestAppCenter.Android\TestAppCenter.Android.csproj", "{FD30F971-8897-4971-A888-0430E044FF86}"
EndProject
Project("{FAE04EC0-301F-11D3-BF4B-00C04F79EFBC}") = "TestAppCenter.iOS", "TestAppCenter\TestAppCenter.iOS\TestAppCenter.iOS.csproj", "{44C02C78-1D54-4835-A765-C9C0FC2E9AFD}"
EndProject
Project("{FAE04EC0-301F-11D3-BF4B-00C04F79EFBC}") = "TestAppCenter", "TestAppCenter\TestAppCenter\TestAppCenter.csproj", "{A27B10DC-4475-48CB-8C58-A077DEDB83C5}"
EndProject
Global
	GlobalSection(SolutionConfigurationPlatforms) = preSolution
		Debug|Any CPU = Debug|Any CPU
		Debug|iPhone = Debug|iPhone
		Debug|iPhoneSimulator = Debug|iPhoneSimulator
		Release|Any CPU = Release|Any CPU
		Release|iPhone = Release|iPhone
		Release|iPhoneSimulator = Release|iPhoneSimulator
	EndGlobalSection
	GlobalSection(ProjectConfigurationPlatforms) = postSolution
		{FD30F971-8897-4971-A888-0430E044FF86}.Debug|Any CPU.ActiveCfg = Debug|Any CPU
		{FD30F971-8897-4971-A888-0430E044FF86}.Debug|Any CPU.Build.0 = Debug|Any CPU
		{FD30F971-8897-4971-A888-0430E044FF86}.Debug|Any CPU.Deploy.0 = Debug|Any CPU
		{FD30F971-8897-4971-A888-0430E044FF86}.Debug|iPhone.ActiveCfg = Debug|Any CPU
		{FD30F971-8897-4971-A888-0430E044FF86}.Debug|iPhone.Build.0 = Debug|Any CPU
		{FD30F971-8897-4971-A888-0430E044FF86}.Debug|iPhone.Deploy.0 = Debug|Any CPU
		{FD30F971-8897-4971-A888-0430E044FF86}.Debug|iPhoneSimulator.ActiveCfg = Debug|Any CPU
		{FD30F971-8897-4971-A888-0430E044FF86}.Debug|iPhoneSimulator.Build.0 = Debug|Any CPU
		{FD30F971-8897-4971-A888-0430E044FF86}.Debug|iPhoneSimulator.Deploy.0 = Debug|Any CPU
		{FD30F971-8897-4971-A888-0430E044FF86}.Release|Any CPU.ActiveCfg = Release|Any CPU
		{FD30F971-8897-4971-A888-0430E044FF86}.Release|Any CPU.Build.0 = Release|Any CPU
		{FD30F971-8897-4971-A888-0430E044FF86}.Release|Any CPU.Deploy.0 = Release|Any CPU
		{FD30F971-8897-4971-A888-0430E044FF86}.Release|iPhone.ActiveCfg = Release|Any CPU
		{FD30F971-8897-4971-A888-0430E044FF86}.Release|iPhone.Build.0 = Release|Any CPU
		{FD30F971-8897-4971-A888-0430E044FF86}.Release|iPhone.Deploy.0 = Release|Any CPU
		{FD30F971-8897-4971-A888-0430E044FF86}.Release|iPhoneSimulator.ActiveCfg = Release|Any CPU
		{FD30F971-8897-4971-A888-0430E044FF86}.Release|iPhoneSimulator.Build.0 = Release|Any CPU
		{FD30F971-8897-4971-A888-0430E044FF86}.Release|iPhoneSimulator.Deploy.0 = Release|Any CPU
		{44C02C78-1D54-4835-A765-C9C0FC2E9AFD}.Debug|Any CPU.ActiveCfg = Debug|iPhoneSimulator
		{44C02C78-1D54-4835-A765-C9C0FC2E9AFD}.Debug|Any CPU.Build.0 = Debug|iPhoneSimulator
		{44C02C78-1D54-4835-A765-C9C0FC2E9AFD}.Debug|Any CPU.Deploy.0 = Debug|iPhoneSimulator
		{44C02C78-1D54-4835-A765-C9C0FC2E9AFD}.Debug|iPhone.ActiveCfg = Debug|iPhone
		{44C02C78-1D54-4835-A765-C9C0FC2E9AFD}.Debug|iPhone.Build.0 = Debug|iPhone
		{44C02C78-1D54-4835-A765-C9C0FC2E9AFD}.Debug|iPhone.Deploy.0 = Debug|iPhone
		{44C02C78-1D54-4835-A765-C9C0FC2E9AFD}.Debug|iPhoneSimulator.ActiveCfg = Debug|iPhoneSimulator
		{44C02C78-1D54-4835-A765-C9C0FC2E9AFD}.Debug|iPhoneSimulator.Build.0 = Debug|iPhoneSimulator
		{44C02C78-1D54-4835-A765-C9C0FC2E9AFD}.Debug|iPhoneSimulator.Deploy.0 = Debug|iPhoneSimulator
		{44C02C78-1D54-4835-A765-C9C0FC2E9AFD}.Release|Any CPU.ActiveCfg = Release|iPhone
		{44C02C78-1D54-4835-A765-C9C0FC2E9AFD}.Release|Any CPU.Build.0 = Release|iPhone
		{44C02C78-1D54-4835-A765-C9C0FC2E9AFD}.Release|Any CPU.Deploy.0 = Release|iPhone
		{44C02C78-1D54-4835-A765-C9C0FC2E9AFD}.Release|iPhone.ActiveCfg = Release|iPhone
		{44C02C78-1D54-4835-A765-C9C0FC2E9AFD}.Release|iPhone.Build.0 = Release|iPhone
		{44C02C78-1D54-4835-A765-C9C0FC2E9AFD}.Release|iPhone.Deploy.0 = Release|iPhone
		{44C02C78-1D54-4835-A765-C9C0FC2E9AFD}.Release|iPhoneSimulator.ActiveCfg = Release|iPhoneSimulator
		{44C02C78-1D54-4835-A765-C9C0FC2E9AFD}.Release|iPhoneSimulator.Build.0 = Release|iPhoneSimulator
		{44C02C78-1D54-4835-A765-C9C0FC2E9AFD}.Release|iPhoneSimulator.Deploy.0 = Release|iPhoneSimulator
		{A27B10DC-4475-48CB-8C58-A077DEDB83C5}.Debug|Any CPU.ActiveCfg = Debug|Any CPU
		{A27B10DC-4475-48CB-8C58-A077DEDB83C5}.Debug|Any CPU.Build.0 = Debug|Any CPU
		{A27B10DC-4475-48CB-8C58-A077DEDB83C5}.Debug|Any CPU.Deploy.0 = Debug|Any CPU
		{A27B10DC-4475-48CB-8C58-A077DEDB83C5}.Debug|iPhone.ActiveCfg = Debug|Any CPU
		{A27B10DC-4475-48CB-8C58-A077DEDB83C5}.Debug|iPhone.Build.0 = Debug|Any CPU
		{A27B10DC-4475-48CB-8C58-A077DEDB83C5}.Debug|iPhone.Deploy.0 = Debug|Any CPU
		{A27B10DC-4475-48CB-8C58-A077DEDB83C5}.Debug|iPhoneSimulator.ActiveCfg = Debug|Any CPU
		{A27B10DC-4475-48CB-8C58-A077DEDB83C5}.Debug|iPhoneSimulator.Build.0 = Debug|Any CPU
		{A27B10DC-4475-48CB-8C58-A077DEDB83C5}.Debug|iPhoneSimulator.Deploy.0 = Debug|Any CPU
		{A27B10DC-4475-48CB-8C58-A077DEDB83C5}.Release|Any CPU.ActiveCfg = Release|Any CPU
		{A27B10DC-4475-48CB-8C58-A077DEDB83C5}.Release|Any CPU.Build.0 = Release|Any CPU
		{A27B10DC-4475-48CB-8C58-A077DEDB83C5}.Release|Any CPU.Deploy.0 = Release|Any CPU
		{A27B10DC-4475-48CB-8C58-A077DEDB83C5}.Release|iPhone.ActiveCfg = Release|Any CPU
		{A27B10DC-4475-48CB-8C58-A077DEDB83C5}.Release|iPhone.Build.0 = Release|Any CPU
		{A27B10DC-4475-48CB-8C58-A077DEDB83C5}.Release|iPhone.Deploy.0 = Release|Any CPU
		{A27B10DC-4475-48CB-8C58-A077DEDB83C5}.Release|iPhoneSimulator.ActiveCfg = Release|Any CPU
		{A27B10DC-4475-48CB-8C58-A077DEDB83C5}.Release|iPhoneSimulator.Build.0 = Release|Any CPU
		{A27B10DC-4475-48CB-8C58-A077DEDB83C5}.Release|iPhoneSimulator.Deploy.0 = Release|Any CPU
	EndGlobalSection
	GlobalSection(SolutionProperties) = preSolution
		HideSolutionNode = FALSE
	EndGlobalSection
	GlobalSection(ExtensibilityGlobals) = postSolution
		SolutionGuid = {D720BB88-F174-4879-8E06-1F4C8482F2E2}
	EndGlobalSection
EndGlobal
